// !$*UTF8*$!
{
archiveVersion = 1;
classes = {};
objectVersion = 56;
objects = {
/* Begin PBXBuildFile section */
A01 /* GuyTimeApp.swift in Sources */ = {isa = PBXBuildFile; fileRef = B01;};
A02 /* Models.swift in Sources */ = {isa = PBXBuildFile; fileRef = B02;};
A03 /* FeedingStore.swift in Sources */ = {isa = PBXBuildFile; fileRef = B03;};
A04 /* ContentView.swift in Sources */ = {isa = PBXBuildFile; fileRef = B04;};
A05 /* HomeView.swift in Sources */ = {isa = PBXBuildFile; fileRef = B05;};
A06 /* HistoryView.swift in Sources */ = {isa = PBXBuildFile; fileRef = B06;};
A07 /* StatisticsView.swift in Sources */ = {isa = PBXBuildFile; fileRef = B07;};
A08 /* Assets.xcassets in Resources */ = {isa = PBXBuildFile; fileRef = B08;};
A09 /* SharedConfiguration.swift in Sources */ = {isa = PBXBuildFile; fileRef = B09;};
A10 /* NotificationManager.swift in Sources */ = {isa = PBXBuildFile; fileRef = B10;};
A11 /* CloudKitSyncService.swift in Sources */ = {isa = PBXBuildFile; fileRef = B11;};
A12 /* CloudSharingView.swift in Sources */ = {isa = PBXBuildFile; fileRef = B12;};
A13 /* SettingsView.swift in Sources */ = {isa = PBXBuildFile; fileRef = B13;};
A14 /* GuyTimeWidgetBundle.swift in Sources */ = {isa = PBXBuildFile; fileRef = B14;};
A15 /* GuyTimeWidget.swift in Sources */ = {isa = PBXBuildFile; fileRef = B15;};
A16 /* WidgetKit.framework in Frameworks */ = {isa = PBXBuildFile; fileRef = B20;};
A17 /* SwiftUI.framework in Frameworks */ = {isa = PBXBuildFile; fileRef = B21;};
A18 /* GuyTimeWidget.appex in Embed App Extensions */ = {isa = PBXBuildFile; fileRef = B19; settings = {ATTRIBUTES = (RemoveHeadersOnCopy, );};};
/* End PBXBuildFile section */
/* Begin PBXContainerItemProxy section */
P01 = {isa = PBXContainerItemProxy; containerPortal = PROJ; proxyType = 1; remoteGlobalIDString = T02; remoteInfo = GuyTimeWidget;};
/* End PBXContainerItemProxy section */
/* Begin PBXCopyFilesBuildPhase section */
C04 = {isa = PBXCopyFilesBuildPhase; buildActionMask = 2147483647; dstPath = ""; dstSubfolderSpec = 13; files = (A18,); name = "Embed App Extensions"; runOnlyForDeploymentPostprocessing = 0;};
/* End PBXCopyFilesBuildPhase section */
/* Begin PBXFileReference section */
B01 = {isa = PBXFileReference; lastKnownFileType = sourcecode.swift; path = GuyTimeApp.swift; sourceTree = "<group>";};
B02 = {isa = PBXFileReference; lastKnownFileType = sourcecode.swift; path = Models.swift; sourceTree = "<group>";};
B03 = {isa = PBXFileReference; lastKnownFileType = sourcecode.swift; path = FeedingStore.swift; sourceTree = "<group>";};
B04 = {isa = PBXFileReference; lastKnownFileType = sourcecode.swift; path = ContentView.swift; sourceTree = "<group>";};
B05 = {isa = PBXFileReference; lastKnownFileType = sourcecode.swift; path = HomeView.swift; sourceTree = "<group>";};
B06 = {isa = PBXFileReference; lastKnownFileType = sourcecode.swift; path = HistoryView.swift; sourceTree = "<group>";};
B07 = {isa = PBXFileReference; lastKnownFileType = sourcecode.swift; path = StatisticsView.swift; sourceTree = "<group>";};
B08 = {isa = PBXFileReference; lastKnownFileType = folder.assetcatalog; path = Assets.xcassets; sourceTree = "<group>";};
B09 = {isa = PBXFileReference; lastKnownFileType = sourcecode.swift; path = SharedConfiguration.swift; sourceTree = "<group>";};
B10 = {isa = PBXFileReference; lastKnownFileType = sourcecode.swift; path = NotificationManager.swift; sourceTree = "<group>";};
B11 = {isa = PBXFileReference; lastKnownFileType = sourcecode.swift; path = CloudKitSyncService.swift; sourceTree = "<group>";};
B12 = {isa = PBXFileReference; lastKnownFileType = sourcecode.swift; path = CloudSharingView.swift; sourceTree = "<group>";};
B13 = {isa = PBXFileReference; lastKnownFileType = sourcecode.swift; path = SettingsView.swift; sourceTree = "<group>";};
B14 = {isa = PBXFileReference; lastKnownFileType = sourcecode.swift; path = GuyTimeWidgetBundle.swift; sourceTree = "<group>";};
B15 = {isa = PBXFileReference; lastKnownFileType = sourcecode.swift; path = GuyTimeWidget.swift; sourceTree = "<group>";};
B16 = {isa = PBXFileReference; lastKnownFileType = text.plist.entitlements; path = GuyTime.entitlements; sourceTree = "<group>";};
B17 = {isa = PBXFileReference; lastKnownFileType = text.plist.entitlements; path = GuyTimeWidget.entitlements; sourceTree = "<group>";};
B18 = {isa = PBXFileReference; lastKnownFileType = text.plist.xml; path = Info.plist; sourceTree = "<group>";};
B19 = {isa = PBXFileReference; explicitFileType = "wrapper.app-extension"; includeInIndex = 0; path = GuyTimeWidget.appex; sourceTree = BUILT_PRODUCTS_DIR;};
B20 = {isa = PBXFileReference; lastKnownFileType = wrapper.framework; name = WidgetKit.framework; path = System/Library/Frameworks/WidgetKit.framework; sourceTree = SDKROOT;};
B21 = {isa = PBXFileReference; lastKnownFileType = wrapper.framework; name = SwiftUI.framework; path = System/Library/Frameworks/SwiftUI.framework; sourceTree = SDKROOT;};
B22 = {isa = PBXFileReference; explicitFileType = wrapper.application; includeInIndex = 0; path = GuyTime.app; sourceTree = BUILT_PRODUCTS_DIR;};
/* End PBXFileReference section */
/* Begin PBXFrameworksBuildPhase section */
C01 = {isa = PBXFrameworksBuildPhase; buildActionMask = 2147483647; files = (); runOnlyForDeploymentPostprocessing = 0;};
C11 = {isa = PBXFrameworksBuildPhase; buildActionMask = 2147483647; files = (A16,A17,); runOnlyForDeploymentPostprocessing = 0;};
/* End PBXFrameworksBuildPhase section */
/* Begin PBXGroup section */
G01 = {isa = PBXGroup; children = (G02,G03,G04,G05,); sourceTree = "<group>";};
G02 = {isa = PBXGroup; children = (B01,B02,B03,B04,B05,B06,B07,B09,B10,B11,B12,B13,B16,B08,); path = GuyTime; sourceTree = "<group>";};
G03 = {isa = PBXGroup; children = (B14,B15,B17,B18,); path = GuyTimeWidget; sourceTree = "<group>";};
G04 = {isa = PBXGroup; children = (B20,B21,); name = Frameworks; sourceTree = "<group>";};
G05 = {isa = PBXGroup; children = (B22,B19,); name = Products; sourceTree = "<group>";};
/* End PBXGroup section */
/* Begin PBXNativeTarget section */
T01 = {isa = PBXNativeTarget; buildConfigurationList = L02; buildPhases = (C02,C01,C03,C04,); buildRules = (); dependencies = (D01,); name = GuyTime; productName = GuyTime; productReference = B22; productType = "com.apple.product-type.application";};
T02 = {isa = PBXNativeTarget; buildConfigurationList = L03; buildPhases = (C12,C11,C13,); buildRules = (); dependencies = (); name = GuyTimeWidget; productName = GuyTimeWidget; productReference = B19; productType = "com.apple.product-type.app-extension";};
/* End PBXNativeTarget section */
/* Begin PBXProject section */
PROJ = {isa = PBXProject; attributes = {BuildIndependentTargetsInParallel = 1; LastSwiftUpdateCheck = 1600; LastUpgradeCheck = 1600; TargetAttributes = {T01 = {CreatedOnToolsVersion = 16.0;}; T02 = {CreatedOnToolsVersion = 16.0;};};}; buildConfigurationList = L01; compatibilityVersion = "Xcode 14.0"; developmentRegion = en; hasScannedForEncodings = 0; knownRegions = (en,Base,he,); mainGroup = G01; productRefGroup = G05; projectDirPath = ""; projectRoot = ""; targets = (T01,T02,);};
/* End PBXProject section */
/* Begin PBXResourcesBuildPhase section */
C03 = {isa = PBXResourcesBuildPhase; buildActionMask = 2147483647; files = (A08,); runOnlyForDeploymentPostprocessing = 0;};
C13 = {isa = PBXResourcesBuildPhase; buildActionMask = 2147483647; files = (); runOnlyForDeploymentPostprocessing = 0;};
/* End PBXResourcesBuildPhase section */
/* Begin PBXSourcesBuildPhase section */
C02 = {isa = PBXSourcesBuildPhase; buildActionMask = 2147483647; files = (A01,A02,A03,A04,A05,A06,A07,A09,A10,A11,A12,A13,); runOnlyForDeploymentPostprocessing = 0;};
C12 = {isa = PBXSourcesBuildPhase; buildActionMask = 2147483647; files = (A14,A15,); runOnlyForDeploymentPostprocessing = 0;};
/* End PBXSourcesBuildPhase section */
/* Begin PBXTargetDependency section */
D01 = {isa = PBXTargetDependency; target = T02; targetProxy = P01;};
/* End PBXTargetDependency section */
/* Begin XCBuildConfiguration section */
Q01 = {isa = XCBuildConfiguration; buildSettings = {ALWAYS_SEARCH_USER_PATHS = NO; CLANG_ENABLE_MODULES = YES; IPHONEOS_DEPLOYMENT_TARGET = 17.0; SDKROOT = iphoneos; SWIFT_VERSION = 5.0;}; name = Debug;};
Q02 = {isa = XCBuildConfiguration; buildSettings = {ALWAYS_SEARCH_USER_PATHS = NO; CLANG_ENABLE_MODULES = YES; IPHONEOS_DEPLOYMENT_TARGET = 17.0; SDKROOT = iphoneos; SWIFT_VERSION = 5.0;}; name = Release;};
Q03 = {isa = XCBuildConfiguration; buildSettings = {ASSETCATALOG_COMPILER_APPICON_NAME = AppIcon; ASSETCATALOG_COMPILER_GLOBAL_ACCENT_COLOR_NAME = AccentColor; CODE_SIGN_ENTITLEMENTS = GuyTime/GuyTime.entitlements; CODE_SIGN_STYLE = Automatic; CURRENT_PROJECT_VERSION = 2; ENABLE_PREVIEWS = YES; GENERATE_INFOPLIST_FILE = YES; INFOPLIST_KEY_CFBundleDisplayName = "Guy Time"; INFOPLIST_KEY_UILaunchScreen_Generation = YES; INFOPLIST_KEY_UIBackgroundModes = (remote-notification,); MARKETING_VERSION = 2.0; PRODUCT_BUNDLE_IDENTIFIER = com.pazgroup.GuyTime; PRODUCT_NAME = "$(TARGET_NAME)"; SUPPORTED_PLATFORMS = "iphoneos iphonesimulator"; SUPPORTS_MACCATALYST = NO; SWIFT_EMIT_LOC_STRINGS = YES; SWIFT_VERSION = 5.0; TARGETED_DEVICE_FAMILY = 1;}; name = Debug;};
Q04 = {isa = XCBuildConfiguration; buildSettings = {ASSETCATALOG_COMPILER_APPICON_NAME = AppIcon; ASSETCATALOG_COMPILER_GLOBAL_ACCENT_COLOR_NAME = AccentColor; CODE_SIGN_ENTITLEMENTS = GuyTime/GuyTime.entitlements; CODE_SIGN_STYLE = Automatic; CURRENT_PROJECT_VERSION = 2; ENABLE_PREVIEWS = YES; GENERATE_INFOPLIST_FILE = YES; INFOPLIST_KEY_CFBundleDisplayName = "Guy Time"; INFOPLIST_KEY_UILaunchScreen_Generation = YES; INFOPLIST_KEY_UIBackgroundModes = (remote-notification,); MARKETING_VERSION = 2.0; PRODUCT_BUNDLE_IDENTIFIER = com.pazgroup.GuyTime; PRODUCT_NAME = "$(TARGET_NAME)"; SUPPORTED_PLATFORMS = "iphoneos iphonesimulator"; SUPPORTS_MACCATALYST = NO; SWIFT_EMIT_LOC_STRINGS = YES; SWIFT_VERSION = 5.0; TARGETED_DEVICE_FAMILY = 1;}; name = Release;};
Q05 = {isa = XCBuildConfiguration; buildSettings = {CODE_SIGN_ENTITLEMENTS = GuyTimeWidget/GuyTimeWidget.entitlements; CODE_SIGN_STYLE = Automatic; CURRENT_PROJECT_VERSION = 2; GENERATE_INFOPLIST_FILE = NO; INFOPLIST_FILE = GuyTimeWidget/Info.plist; IPHONEOS_DEPLOYMENT_TARGET = 17.0; MARKETING_VERSION = 2.0; PRODUCT_BUNDLE_IDENTIFIER = com.pazgroup.GuyTime.Widget; PRODUCT_NAME = "$(TARGET_NAME)"; SKIP_INSTALL = YES; SWIFT_VERSION = 5.0; TARGETED_DEVICE_FAMILY = 1;}; name = Debug;};
Q06 = {isa = XCBuildConfiguration; buildSettings = {CODE_SIGN_ENTITLEMENTS = GuyTimeWidget/GuyTimeWidget.entitlements; CODE_SIGN_STYLE = Automatic; CURRENT_PROJECT_VERSION = 2; GENERATE_INFOPLIST_FILE = NO; INFOPLIST_FILE = GuyTimeWidget/Info.plist; IPHONEOS_DEPLOYMENT_TARGET = 17.0; MARKETING_VERSION = 2.0; PRODUCT_BUNDLE_IDENTIFIER = com.pazgroup.GuyTime.Widget; PRODUCT_NAME = "$(TARGET_NAME)"; SKIP_INSTALL = YES; SWIFT_VERSION = 5.0; TARGETED_DEVICE_FAMILY = 1;}; name = Release;};
/* End XCBuildConfiguration section */
/* Begin XCConfigurationList section */
L01 = {isa = XCConfigurationList; buildConfigurations = (Q01,Q02,); defaultConfigurationIsVisible = 0; defaultConfigurationName = Release;};
L02 = {isa = XCConfigurationList; buildConfigurations = (Q03,Q04,); defaultConfigurationIsVisible = 0; defaultConfigurationName = Release;};
L03 = {isa = XCConfigurationList; buildConfigurations = (Q05,Q06,); defaultConfigurationIsVisible = 0; defaultConfigurationName = Release;};
/* End XCConfigurationList section */
};
rootObject = PROJ;
}
